github.com/dzem87/funtemps v0.0.0-20230330101516-cf96a364bb3a h1:kFKEzrxkLqi3TYpMElhhzMBerbWDqoNmTkQVoZf9rPQ=
github.com/dzem87/funtemps v0.0.0-20230330101516-cf96a364bb3a/go.mod h1:JykofK6OlCsm7g6ykLvMuTasqWANtP0pD7WgH4ns4RM=
github.com/dzem87/is105sem03 v0.0.0-20230421073523-10022fe40be6 h1:ztPF2ULcjvd0cHBPNvpQuofJ9wBTKbziE7yu7gQgY1s=
github.com/dzem87/is105sem03 v0.0.0-20230421073523-10022fe40be6/go.mod h1:HLzY79V7AR4/cs6H+D/iVb47VzwXGtecnm2L4yDU1Lg=
github.com/dzem87/minyr v0.0.0-20230331142623-919eaed64ecb h1:VWN1dI7k8PbgLgsMyzg8nsjobuSyjCkSeNOgBpaFNgA=
github.com/dzem87/minyr v0.0.0-20230331142623-919eaed64ecb/go.mod h1:Lf4A41Dy+ba5PrZygyt7QbasfGqM+PRqAnRfsbrpCdo=
